{
  "name": "web_app_dashboard_v3.2",
  "lockfileVersion": 2,
  "requires": true,
  "packages": {
    "": {
      "dependencies": {
        "css-toggle-switch": "^4.1.0"
      }
    },
    "node_modules/css-toggle-switch": {
      "version": "4.1.0",
      "resolved": "https://registry.npmjs.org/css-toggle-switch/-/css-toggle-switch-4.1.0.tgz",
      "integrity": "sha512-XdA6fyaQqlBqTmFa6NX58tLPJj4SgDLAxV4Ec73GHQYRTYUTZoEyYHYxWGacLNTP8sTiVycKcAMBrPBKaiIZ9g==",
      "engines": {
        "node": ">=4"
      }
    }
  },
  "dependencies": {
    "css-toggle-switch": {
      "version": "4.1.0",
      "resolved": "https://registry.npmjs.org/css-toggle-switch/-/css-toggle-switch-4.1.0.tgz",
      "integrity": "sha512-XdA6fyaQqlBqTmFa6NX58tLPJj4SgDLAxV4Ec73GHQYRTYUTZoEyYHYxWGacLNTP8sTiVycKcAMBrPBKaiIZ9g=="
    }
  }
}
